
Microsoft Visual Studio Solution File, Format Version 12.00
# Visual Studio 15
VisualStudioVersion = 15.0.28307.852
MinimumVisualStudioVersion = 10.0.40219.1
Project("{FAE04EC0-301F-11D3-BF4B-00C04F79EFBC}") = "E-Sinav", "E-Sinav\E-Sinav.csproj", "{9E47A551-A247-486D-A004-2CE79939540A}"
EndProject
Project("{FAE04EC0-301F-11D3-BF4B-00C04F79EFBC}") = "E-Sinav.ORM", "E-Sinav.ORM\E-Sinav.ORM.csproj", "{039EC630-9FC1-4103-9F54-47FC5E6C4675}"
EndProject
Global
	GlobalSection(SolutionConfigurationPlatforms) = preSolution
		Debug|Any CPU = Debug|Any CPU
		Release|Any CPU = Release|Any CPU
	EndGlobalSection
	GlobalSection(ProjectConfigurationPlatforms) = postSolution
		{9E47A551-A247-486D-A004-2CE79939540A}.Debug|Any CPU.ActiveCfg = Debug|Any CPU
		{9E47A551-A247-486D-A004-2CE79939540A}.Debug|Any CPU.Build.0 = Debug|Any CPU
		{9E47A551-A247-486D-A004-2CE79939540A}.Release|Any CPU.ActiveCfg = Release|Any CPU
		{9E47A551-A247-486D-A004-2CE79939540A}.Release|Any CPU.Build.0 = Release|Any CPU
		{039EC630-9FC1-4103-9F54-47FC5E6C4675}.Debug|Any CPU.ActiveCfg = Debug|Any CPU
		{039EC630-9FC1-4103-9F54-47FC5E6C4675}.Debug|Any CPU.Build.0 = Debug|Any CPU
		{039EC630-9FC1-4103-9F54-47FC5E6C4675}.Release|Any CPU.ActiveCfg = Release|Any CPU
		{039EC630-9FC1-4103-9F54-47FC5E6C4675}.Release|Any CPU.Build.0 = Release|Any CPU
	EndGlobalSection
	GlobalSection(SolutionProperties) = preSolution
		HideSolutionNode = FALSE
	EndGlobalSection
	GlobalSection(ExtensibilityGlobals) = postSolution
		SolutionGuid = {C0B47D16-E163-422E-A06C-B11D977E763C}
	EndGlobalSection
EndGlobal
